
Microsoft Visual Studio Solution File, Format Version 12.00
# Visual Studio Version 17
VisualStudioVersion = 17.0.31912.275
MinimumVisualStudioVersion = 10.0.40219.1
Project("{FAE04EC0-301F-11D3-BF4B-00C04F79EFBC}") = "MyCrafts.Website", "MyCrafts.Website\MyCrafts.Website.csproj", "{1792381E-6247-4A4C-BED8-6CFE6E9D8AE2}"
EndProject
Global
	GlobalSection(SolutionConfigurationPlatforms) = preSolution
		Debug|Any CPU = Debug|Any CPU
		Release|Any CPU = Release|Any CPU
	EndGlobalSection
	GlobalSection(ProjectConfigurationPlatforms) = postSolution
		{1792381E-6247-4A4C-BED8-6CFE6E9D8AE2}.Debug|Any CPU.ActiveCfg = Debug|Any CPU
		{1792381E-6247-4A4C-BED8-6CFE6E9D8AE2}.Debug|Any CPU.Build.0 = Debug|Any CPU
		{1792381E-6247-4A4C-BED8-6CFE6E9D8AE2}.Release|Any CPU.ActiveCfg = Release|Any CPU
		{1792381E-6247-4A4C-BED8-6CFE6E9D8AE2}.Release|Any CPU.Build.0 = Release|Any CPU
	EndGlobalSection
	GlobalSection(SolutionProperties) = preSolution
		HideSolutionNode = FALSE
	EndGlobalSection
	GlobalSection(ExtensibilityGlobals) = postSolution
		SolutionGuid = {AEBE5394-2932-46B4-AFEA-AD63606BA1BE}
	EndGlobalSection
EndGlobal
